
Microsoft Visual Studio Solution File, Format Version 12.00
# Visual Studio Version 17
VisualStudioVersion = 17.1.32421.90
MinimumVisualStudioVersion = 10.0.40219.1
Project("{FAE04EC0-301F-11D3-BF4B-00C04F79EFBC}") = "Unimbue", "Unimbue\Unimbue.csproj", "{94AA43A2-33F4-46A1-820E-E207211640CC}"
EndProject
Global
	GlobalSection(SolutionConfigurationPlatforms) = preSolution
		Debug|Any CPU = Debug|Any CPU
		Release|Any CPU = Release|Any CPU
	EndGlobalSection
	GlobalSection(ProjectConfigurationPlatforms) = postSolution
		{94AA43A2-33F4-46A1-820E-E207211640CC}.Debug|Any CPU.ActiveCfg = Debug|Any CPU
		{94AA43A2-33F4-46A1-820E-E207211640CC}.Debug|Any CPU.Build.0 = Debug|Any CPU
		{94AA43A2-33F4-46A1-820E-E207211640CC}.Release|Any CPU.ActiveCfg = Release|Any CPU
		{94AA43A2-33F4-46A1-820E-E207211640CC}.Release|Any CPU.Build.0 = Release|Any CPU
	EndGlobalSection
	GlobalSection(SolutionProperties) = preSolution
		HideSolutionNode = FALSE
	EndGlobalSection
	GlobalSection(ExtensibilityGlobals) = postSolution
		SolutionGuid = {80518E34-1678-4347-8416-8630C722D3F0}
	EndGlobalSection
EndGlobal
